
Microsoft Visual Studio Solution File, Format Version 12.00
# Visual Studio Version 17
VisualStudioVersion = 17.6.33815.320
MinimumVisualStudioVersion = 10.0.40219.1
Project("{FAE04EC0-301F-11D3-BF4B-00C04F79EFBC}") = "Find MEX", "Find MEX\Find MEX.csproj", "{F961B2E9-AD67-41C3-A27B-DEC8D950494E}"
EndProject
Global
	GlobalSection(SolutionConfigurationPlatforms) = preSolution
		Debug|Any CPU = Debug|Any CPU
		Release|Any CPU = Release|Any CPU
	EndGlobalSection
	GlobalSection(ProjectConfigurationPlatforms) = postSolution
		{F961B2E9-AD67-41C3-A27B-DEC8D950494E}.Debug|Any CPU.ActiveCfg = Debug|Any CPU
		{F961B2E9-AD67-41C3-A27B-DEC8D950494E}.Debug|Any CPU.Build.0 = Debug|Any CPU
		{F961B2E9-AD67-41C3-A27B-DEC8D950494E}.Release|Any CPU.ActiveCfg = Release|Any CPU
		{F961B2E9-AD67-41C3-A27B-DEC8D950494E}.Release|Any CPU.Build.0 = Release|Any CPU
	EndGlobalSection
	GlobalSection(SolutionProperties) = preSolution
		HideSolutionNode = FALSE
	EndGlobalSection
	GlobalSection(ExtensibilityGlobals) = postSolution
		SolutionGuid = {C53778F1-ACC2-484B-9090-78D1F8D9EE69}
	EndGlobalSection
EndGlobal
