
Microsoft Visual Studio Solution File, Format Version 12.00
# Visual Studio Version 17
VisualStudioVersion = 17.6.33815.320
MinimumVisualStudioVersion = 10.0.40219.1
Project("{FAE04EC0-301F-11D3-BF4B-00C04F79EFBC}") = "Childfree Time", "Childfree Time\Childfree Time.csproj", "{2E018248-DE5B-4513-9633-D1BDEA4F1B3E}"
EndProject
Global
	GlobalSection(SolutionConfigurationPlatforms) = preSolution
		Debug|Any CPU = Debug|Any CPU
		Release|Any CPU = Release|Any CPU
	EndGlobalSection
	GlobalSection(ProjectConfigurationPlatforms) = postSolution
		{2E018248-DE5B-4513-9633-D1BDEA4F1B3E}.Debug|Any CPU.ActiveCfg = Debug|Any CPU
		{2E018248-DE5B-4513-9633-D1BDEA4F1B3E}.Debug|Any CPU.Build.0 = Debug|Any CPU
		{2E018248-DE5B-4513-9633-D1BDEA4F1B3E}.Release|Any CPU.ActiveCfg = Release|Any CPU
		{2E018248-DE5B-4513-9633-D1BDEA4F1B3E}.Release|Any CPU.Build.0 = Release|Any CPU
	EndGlobalSection
	GlobalSection(SolutionProperties) = preSolution
		HideSolutionNode = FALSE
	EndGlobalSection
	GlobalSection(ExtensibilityGlobals) = postSolution
		SolutionGuid = {D4E5F837-0F09-4205-B5A6-D5B976137618}
	EndGlobalSection
EndGlobal
